// !$*UTF8*$!
{
	archiveVersion = 1;
	classes = {
	};
	objectVersion = 56;
	objects = {

/* Begin PBXBuildFile section */
		22961C9A2E2EC2A400453DB9 /* AppDelegate.swift in Sources */ = {isa = PBXBuildFile; fileRef = 22961C992E2EC2A400453DB9 /* AppDelegate.swift */; };
		22961C9C2E2EC2A400453DB9 /* SceneDelegate.swift in Sources */ = {isa = PBXBuildFile; fileRef = 22961C9B2E2EC2A400453DB9 /* SceneDelegate.swift */; };
		22961C9E2E2EC2A400453DB9 /* ViewController.swift in Sources */ = {isa = PBXBuildFile; fileRef = 22961C9D2E2EC2A400453DB9 /* ViewController.swift */; };
		22961CA12E2EC2A400453DB9 /* Main.storyboard in Resources */ = {isa = PBXBuildFile; fileRef = 22961C9F2E2EC2A400453DB9 /* Main.storyboard */; };
		22961CA42E2EC2A400453DB9 /* MoviesTask.xcdatamodeld in Sources */ = {isa = PBXBuildFile; fileRef = 22961CA22E2EC2A400453DB9 /* MoviesTask.xcdatamodeld */; };
		22961CA62E2EC2A600453DB9 /* Assets.xcassets in Resources */ = {isa = PBXBuildFile; fileRef = 22961CA52E2EC2A600453DB9 /* Assets.xcassets */; };
		22961CA92E2EC2A600453DB9 /* LaunchScreen.storyboard in Resources */ = {isa = PBXBuildFile; fileRef = 22961CA72E2EC2A600453DB9 /* LaunchScreen.storyboard */; };
		22961CB42E2EC2A700453DB9 /* MoviesTaskTests.swift in Sources */ = {isa = PBXBuildFile; fileRef = 22961CB32E2EC2A700453DB9 /* MoviesTaskTests.swift */; };
		22961CBE2E2EC2A700453DB9 /* MoviesTaskUITests.swift in Sources */ = {isa = PBXBuildFile; fileRef = 22961CBD2E2EC2A700453DB9 /* MoviesTaskUITests.swift */; };
		22961CC02E2EC2A700453DB9 /* MoviesTaskUITestsLaunchTests.swift in Sources */ = {isa = PBXBuildFile; fileRef = 22961CBF2E2EC2A700453DB9 /* MoviesTaskUITestsLaunchTests.swift */; };
		22961CDE2E2EC3E500453DB9 /* APIServices.swift in Sources */ = {isa = PBXBuildFile; fileRef = 22961CDD2E2EC3E500453DB9 /* APIServices.swift */; };
		22961CE02E2EC3F900453DB9 /* Endpoints.swift in Sources */ = {isa = PBXBuildFile; fileRef = 22961CDF2E2EC3F900453DB9 /* Endpoints.swift */; };
		22961CE22E2EC40600453DB9 /* NetworkManager.swift in Sources */ = {isa = PBXBuildFile; fileRef = 22961CE12E2EC40600453DB9 /* NetworkManager.swift */; };
		22961CE82E2EC47E00453DB9 /* Constants.swift in Sources */ = {isa = PBXBuildFile; fileRef = 22961CE72E2EC47E00453DB9 /* Constants.swift */; };
		22961CEA2E2EC48900453DB9 /* AppError.swift in Sources */ = {isa = PBXBuildFile; fileRef = 22961CE92E2EC48900453DB9 /* AppError.swift */; };
		22961CF02E2EC4C500453DB9 /* SplashViewController.swift in Sources */ = {isa = PBXBuildFile; fileRef = 22961CEE2E2EC4C500453DB9 /* SplashViewController.swift */; };
		22961CF12E2EC4C500453DB9 /* SplashViewController.xib in Resources */ = {isa = PBXBuildFile; fileRef = 22961CEF2E2EC4C500453DB9 /* SplashViewController.xib */; };
		22961CF42E2EC52000453DB9 /* HomeMovieListViewController.swift in Sources */ = {isa = PBXBuildFile; fileRef = 22961CF22E2EC52000453DB9 /* HomeMovieListViewController.swift */; };
		22961CF52E2EC52000453DB9 /* HomeMovieListViewController.xib in Resources */ = {isa = PBXBuildFile; fileRef = 22961CF32E2EC52000453DB9 /* HomeMovieListViewController.xib */; };
		22961CF82E2EC91D00453DB9 /* MovieSliderCell.swift in Sources */ = {isa = PBXBuildFile; fileRef = 22961CF62E2EC91D00453DB9 /* MovieSliderCell.swift */; };
		22961CF92E2EC91D00453DB9 /* MovieSliderCell.xib in Resources */ = {isa = PBXBuildFile; fileRef = 22961CF72E2EC91D00453DB9 /* MovieSliderCell.xib */; };
		22961CFC2E2EC93D00453DB9 /* PopularMovieCell.swift in Sources */ = {isa = PBXBuildFile; fileRef = 22961CFA2E2EC93D00453DB9 /* PopularMovieCell.swift */; };
		22961CFD2E2EC93D00453DB9 /* PopularMovieCell.xib in Resources */ = {isa = PBXBuildFile; fileRef = 22961CFB2E2EC93D00453DB9 /* PopularMovieCell.xib */; };
		22961CFF2E2EC95500453DB9 /* Movie.swift in Sources */ = {isa = PBXBuildFile; fileRef = 22961CFE2E2EC95500453DB9 /* Movie.swift */; };
		22961D022E2EDCF800453DB9 /* Alamofire in Frameworks */ = {isa = PBXBuildFile; productRef = 22961D012E2EDCF800453DB9 /* Alamofire */; };
		22961D042E2EDCF800453DB9 /* AlamofireDynamic in Frameworks */ = {isa = PBXBuildFile; productRef = 22961D032E2EDCF800453DB9 /* AlamofireDynamic */; };
		22961D062E2EDFC600453DB9 /* MoviesViewModel.swift in Sources */ = {isa = PBXBuildFile; fileRef = 22961D052E2EDFC600453DB9 /* MoviesViewModel.swift */; };
		22961D092E2EE1F100453DB9 /* SDWebImage in Frameworks */ = {isa = PBXBuildFile; productRef = 22961D082E2EE1F100453DB9 /* SDWebImage */; };
		22961D0B2E2EE1F100453DB9 /* SDWebImageMapKit in Frameworks */ = {isa = PBXBuildFile; productRef = 22961D0A2E2EE1F100453DB9 /* SDWebImageMapKit */; };
		22961D0E2E2EF0A800453DB9 /* MovieDetailsViewController.swift in Sources */ = {isa = PBXBuildFile; fileRef = 22961D0C2E2EF0A800453DB9 /* MovieDetailsViewController.swift */; };
		22961D0F2E2EF0A800453DB9 /* MovieDetailsViewController.xib in Resources */ = {isa = PBXBuildFile; fileRef = 22961D0D2E2EF0A800453DB9 /* MovieDetailsViewController.xib */; };
		22961D122E2F0A4F00453DB9 /* FavoriteMovieCellCollectionViewCell.swift in Sources */ = {isa = PBXBuildFile; fileRef = 22961D102E2F0A4F00453DB9 /* FavoriteMovieCellCollectionViewCell.swift */; };
		22961D132E2F0A4F00453DB9 /* FavoriteMovieCellCollectionViewCell.xib in Resources */ = {isa = PBXBuildFile; fileRef = 22961D112E2F0A4F00453DB9 /* FavoriteMovieCellCollectionViewCell.xib */; };
		22961D152E2FABBA00453DB9 /* FavoriteManager.swift in Sources */ = {isa = PBXBuildFile; fileRef = 22961D142E2FABBA00453DB9 /* FavoriteManager.swift */; };
		22961D172E2FAE1000453DB9 /* FavoriteViewModel.swift in Sources */ = {isa = PBXBuildFile; fileRef = 22961D162E2FAE1000453DB9 /* FavoriteViewModel.swift */; };
		22961D1A2E2FAF8800453DB9 /* FavoriteViewController.swift in Sources */ = {isa = PBXBuildFile; fileRef = 22961D182E2FAF8800453DB9 /* FavoriteViewController.swift */; };
		22961D1B2E2FAF8800453DB9 /* FavoriteViewController.xib in Resources */ = {isa = PBXBuildFile; fileRef = 22961D192E2FAF8800453DB9 /* FavoriteViewController.xib */; };
		22961D1D2E2FC88600453DB9 /* FavoriteMovieCellDelegate.swift in Sources */ = {isa = PBXBuildFile; fileRef = 22961D1C2E2FC88600453DB9 /* FavoriteMovieCellDelegate.swift */; };
		22961D1F2E2FD08F00453DB9 /* PopularMovieCellDelegate.swift in Sources */ = {isa = PBXBuildFile; fileRef = 22961D1E2E2FD08F00453DB9 /* PopularMovieCellDelegate.swift */; };
		22961D212E2FDA2B00453DB9 /* MovieStorageManager.swift in Sources */ = {isa = PBXBuildFile; fileRef = 22961D202E2FDA2B00453DB9 /* MovieStorageManager.swift */; };
		22961D262E30184600453DB9 /* Lottie in Frameworks */ = {isa = PBXBuildFile; productRef = 22961D252E30184600453DB9 /* Lottie */; };
		22961D282E30184600453DB9 /* Lottie-Dynamic in Frameworks */ = {isa = PBXBuildFile; productRef = 22961D272E30184600453DB9 /* Lottie-Dynamic */; };
		22961D2A2E301AB800453DB9 /* logo.json in Resources */ = {isa = PBXBuildFile; fileRef = 22961D292E301AB800453DB9 /* logo.json */; };
		22961D2C2E30294600453DB9 /* empty.json in Resources */ = {isa = PBXBuildFile; fileRef = 22961D2B2E30294600453DB9 /* empty.json */; };
		22961D302E30353900453DB9 /* MockNetworkManager.swift in Sources */ = {isa = PBXBuildFile; fileRef = 22961D2E2E30348900453DB9 /* MockNetworkManager.swift */; };
		22961D322E30BD7500453DB9 /* DISwinjectContainer.swift in Sources */ = {isa = PBXBuildFile; fileRef = 22961D312E30BD7500453DB9 /* DISwinjectContainer.swift */; };
		22961D352E30BD9D00453DB9 /* Swinject in Frameworks */ = {isa = PBXBuildFile; productRef = 22961D342E30BD9D00453DB9 /* Swinject */; };
		22961D372E30BD9D00453DB9 /* Swinject-Dynamic in Frameworks */ = {isa = PBXBuildFile; productRef = 22961D362E30BD9D00453DB9 /* Swinject-Dynamic */; };
/* End PBXBuildFile section */

/* Begin PBXContainerItemProxy section */
		22961CB02E2EC2A700453DB9 /* PBXContainerItemProxy */ = {
			isa = PBXContainerItemProxy;
			containerPortal = 22961C8E2E2EC2A400453DB9 /* Project object */;
			proxyType = 1;
			remoteGlobalIDString = 22961C952E2EC2A400453DB9;
			remoteInfo = MoviesTask;
		};
		22961CBA2E2EC2A700453DB9 /* PBXContainerItemProxy */ = {
			isa = PBXContainerItemProxy;
			containerPortal = 22961C8E2E2EC2A400453DB9 /* Project object */;
			proxyType = 1;
			remoteGlobalIDString = 22961C952E2EC2A400453DB9;
			remoteInfo = MoviesTask;
		};
/* End PBXContainerItemProxy section */

/* Begin PBXFileReference section */
		22961C962E2EC2A400453DB9 /* MoviesTask.app */ = {isa = PBXFileReference; explicitFileType = wrapper.application; includeInIndex = 0; path = MoviesTask.app; sourceTree = BUILT_PRODUCTS_DIR; };
		22961C992E2EC2A400453DB9 /* AppDelegate.swift */ = {isa = PBXFileReference; lastKnownFileType = sourcecode.swift; path = AppDelegate.swift; sourceTree = "<group>"; };
		22961C9B2E2EC2A400453DB9 /* SceneDelegate.swift */ = {isa = PBXFileReference; lastKnownFileType = sourcecode.swift; path = SceneDelegate.swift; sourceTree = "<group>"; };
		22961C9D2E2EC2A400453DB9 /* ViewController.swift */ = {isa = PBXFileReference; lastKnownFileType = sourcecode.swift; path = ViewController.swift; sourceTree = "<group>"; };
		22961CA02E2EC2A400453DB9 /* Base */ = {isa = PBXFileReference; lastKnownFileType = file.storyboard; name = Base; path = Base.lproj/Main.storyboard; sourceTree = "<group>"; };
		22961CA32E2EC2A400453DB9 /* MoviesTask.xcdatamodel */ = {isa = PBXFileReference; lastKnownFileType = wrapper.xcdatamodel; path = MoviesTask.xcdatamodel; sourceTree = "<group>"; };
		22961CA52E2EC2A600453DB9 /* Assets.xcassets */ = {isa = PBXFileReference; lastKnownFileType = folder.assetcatalog; path = Assets.xcassets; sourceTree = "<group>"; };
		22961CA82E2EC2A600453DB9 /* Base */ = {isa = PBXFileReference; lastKnownFileType = file.storyboard; name = Base; path = Base.lproj/LaunchScreen.storyboard; sourceTree = "<group>"; };
		22961CAA2E2EC2A600453DB9 /* Info.plist */ = {isa = PBXFileReference; lastKnownFileType = text.plist.xml; path = Info.plist; sourceTree = "<group>"; };
		22961CAF2E2EC2A700453DB9 /* MoviesTaskTests.xctest */ = {isa = PBXFileReference; explicitFileType = wrapper.cfbundle; includeInIndex = 0; path = MoviesTaskTests.xctest; sourceTree = BUILT_PRODUCTS_DIR; };
		22961CB32E2EC2A700453DB9 /* MoviesTaskTests.swift */ = {isa = PBXFileReference; lastKnownFileType = sourcecode.swift; path = MoviesTaskTests.swift; sourceTree = "<group>"; };
		22961CB92E2EC2A700453DB9 /* MoviesTaskUITests.xctest */ = {isa = PBXFileReference; explicitFileType = wrapper.cfbundle; includeInIndex = 0; path = MoviesTaskUITests.xctest; sourceTree = BUILT_PRODUCTS_DIR; };
		22961CBD2E2EC2A700453DB9 /* MoviesTaskUITests.swift */ = {isa = PBXFileReference; lastKnownFileType = sourcecode.swift; path = MoviesTaskUITests.swift; sourceTree = "<group>"; };
		22961CBF2E2EC2A700453DB9 /* MoviesTaskUITestsLaunchTests.swift */ = {isa = PBXFileReference; lastKnownFileType = sourcecode.swift; path = MoviesTaskUITestsLaunchTests.swift; sourceTree = "<group>"; };
		22961CDD2E2EC3E500453DB9 /* APIServices.swift */ = {isa = PBXFileReference; lastKnownFileType = sourcecode.swift; path = APIServices.swift; sourceTree = "<group>"; };
		22961CDF2E2EC3F900453DB9 /* Endpoints.swift */ = {isa = PBXFileReference; lastKnownFileType = sourcecode.swift; path = Endpoints.swift; sourceTree = "<group>"; };
		22961CE12E2EC40600453DB9 /* NetworkManager.swift */ = {isa = PBXFileReference; lastKnownFileType = sourcecode.swift; path = NetworkManager.swift; sourceTree = "<group>"; };
		22961CE72E2EC47E00453DB9 /* Constants.swift */ = {isa = PBXFileReference; lastKnownFileType = sourcecode.swift; path = Constants.swift; sourceTree = "<group>"; };
		22961CE92E2EC48900453DB9 /* AppError.swift */ = {isa = PBXFileReference; lastKnownFileType = sourcecode.swift; path = AppError.swift; sourceTree = "<group>"; };
		22961CEE2E2EC4C500453DB9 /* SplashViewController.swift */ = {isa = PBXFileReference; lastKnownFileType = sourcecode.swift; path = SplashViewController.swift; sourceTree = "<group>"; };
		22961CEF2E2EC4C500453DB9 /* SplashViewController.xib */ = {isa = PBXFileReference; lastKnownFileType = file.xib; path = SplashViewController.xib; sourceTree = "<group>"; };
		22961CF22E2EC52000453DB9 /* HomeMovieListViewController.swift */ = {isa = PBXFileReference; lastKnownFileType = sourcecode.swift; path = HomeMovieListViewController.swift; sourceTree = "<group>"; };
		22961CF32E2EC52000453DB9 /* HomeMovieListViewController.xib */ = {isa = PBXFileReference; lastKnownFileType = file.xib; path = HomeMovieListViewController.xib; sourceTree = "<group>"; };
		22961CF62E2EC91D00453DB9 /* MovieSliderCell.swift */ = {isa = PBXFileReference; lastKnownFileType = sourcecode.swift; path = MovieSliderCell.swift; sourceTree = "<group>"; };
		22961CF72E2EC91D00453DB9 /* MovieSliderCell.xib */ = {isa = PBXFileReference; lastKnownFileType = file.xib; path = MovieSliderCell.xib; sourceTree = "<group>"; };
		22961CFA2E2EC93D00453DB9 /* PopularMovieCell.swift */ = {isa = PBXFileReference; lastKnownFileType = sourcecode.swift; path = PopularMovieCell.swift; sourceTree = "<group>"; };
		22961CFB2E2EC93D00453DB9 /* PopularMovieCell.xib */ = {isa = PBXFileReference; lastKnownFileType = file.xib; path = PopularMovieCell.xib; sourceTree = "<group>"; };
		22961CFE2E2EC95500453DB9 /* Movie.swift */ = {isa = PBXFileReference; lastKnownFileType = sourcecode.swift; path = Movie.swift; sourceTree = "<group>"; };
		22961D052E2EDFC600453DB9 /* MoviesViewModel.swift */ = {isa = PBXFileReference; lastKnownFileType = sourcecode.swift; path = MoviesViewModel.swift; sourceTree = "<group>"; };
		22961D0C2E2EF0A800453DB9 /* MovieDetailsViewController.swift */ = {isa = PBXFileReference; lastKnownFileType = sourcecode.swift; path = MovieDetailsViewController.swift; sourceTree = "<group>"; };
		22961D0D2E2EF0A800453DB9 /* MovieDetailsViewController.xib */ = {isa = PBXFileReference; lastKnownFileType = file.xib; path = MovieDetailsViewController.xib; sourceTree = "<group>"; };
		22961D102E2F0A4F00453DB9 /* FavoriteMovieCellCollectionViewCell.swift */ = {isa = PBXFileReference; lastKnownFileType = sourcecode.swift; path = FavoriteMovieCellCollectionViewCell.swift; sourceTree = "<group>"; };
		22961D112E2F0A4F00453DB9 /* FavoriteMovieCellCollectionViewCell.xib */ = {isa = PBXFileReference; lastKnownFileType = file.xib; path = FavoriteMovieCellCollectionViewCell.xib; sourceTree = "<group>"; };
		22961D142E2FABBA00453DB9 /* FavoriteManager.swift */ = {isa = PBXFileReference; lastKnownFileType = sourcecode.swift; path = FavoriteManager.swift; sourceTree = "<group>"; };
		22961D162E2FAE1000453DB9 /* FavoriteViewModel.swift */ = {isa = PBXFileReference; lastKnownFileType = sourcecode.swift; path = FavoriteViewModel.swift; sourceTree = "<group>"; };
		22961D182E2FAF8800453DB9 /* FavoriteViewController.swift */ = {isa = PBXFileReference; lastKnownFileType = sourcecode.swift; path = FavoriteViewController.swift; sourceTree = "<group>"; };
		22961D192E2FAF8800453DB9 /* FavoriteViewController.xib */ = {isa = PBXFileReference; lastKnownFileType = file.xib; path = FavoriteViewController.xib; sourceTree = "<group>"; };
		22961D1C2E2FC88600453DB9 /* FavoriteMovieCellDelegate.swift */ = {isa = PBXFileReference; lastKnownFileType = sourcecode.swift; path = FavoriteMovieCellDelegate.swift; sourceTree = "<group>"; };
		22961D1E2E2FD08F00453DB9 /* PopularMovieCellDelegate.swift */ = {isa = PBXFileReference; lastKnownFileType = sourcecode.swift; path = PopularMovieCellDelegate.swift; sourceTree = "<group>"; };
		22961D202E2FDA2B00453DB9 /* MovieStorageManager.swift */ = {isa = PBXFileReference; lastKnownFileType = sourcecode.swift; path = MovieStorageManager.swift; sourceTree = "<group>"; };
		22961D292E301AB800453DB9 /* logo.json */ = {isa = PBXFileReference; fileEncoding = 4; lastKnownFileType = text.json; path = logo.json; sourceTree = "<group>"; };
		22961D2B2E30294600453DB9 /* empty.json */ = {isa = PBXFileReference; fileEncoding = 4; lastKnownFileType = text.json; path = empty.json; sourceTree = "<group>"; };
		22961D2E2E30348900453DB9 /* MockNetworkManager.swift */ = {isa = PBXFileReference; lastKnownFileType = sourcecode.swift; path = MockNetworkManager.swift; sourceTree = "<group>"; };
		22961D312E30BD7500453DB9 /* DISwinjectContainer.swift */ = {isa = PBXFileReference; lastKnownFileType = sourcecode.swift; path = DISwinjectContainer.swift; sourceTree = "<group>"; };
/* End PBXFileReference section */

/* Begin PBXFrameworksBuildPhase section */
		22961C932E2EC2A400453DB9 /* Frameworks */ = {
			isa = PBXFrameworksBuildPhase;
			buildActionMask = 2147483647;
			files = (
				22961D262E30184600453DB9 /* Lottie in Frameworks */,
				22961D372E30BD9D00453DB9 /* Swinject-Dynamic in Frameworks */,
				22961D092E2EE1F100453DB9 /* SDWebImage in Frameworks */,
				22961D352E30BD9D00453DB9 /* Swinject in Frameworks */,
				22961D022E2EDCF800453DB9 /* Alamofire in Frameworks */,
				22961D0B2E2EE1F100453DB9 /* SDWebImageMapKit in Frameworks */,
				22961D042E2EDCF800453DB9 /* AlamofireDynamic in Frameworks */,
				22961D282E30184600453DB9 /* Lottie-Dynamic in Frameworks */,
			);
			runOnlyForDeploymentPostprocessing = 0;
		};
		22961CAC2E2EC2A700453DB9 /* Frameworks */ = {
			isa = PBXFrameworksBuildPhase;
			buildActionMask = 2147483647;
			files = (
			);
			runOnlyForDeploymentPostprocessing = 0;
		};
		22961CB62E2EC2A700453DB9 /* Frameworks */ = {
			isa = PBXFrameworksBuildPhase;
			buildActionMask = 2147483647;
			files = (
			);
			runOnlyForDeploymentPostprocessing = 0;
		};
/* End PBXFrameworksBuildPhase section */

/* Begin PBXGroup section */
		22961C8D2E2EC2A400453DB9 = {
			isa = PBXGroup;
			children = (
				22961C982E2EC2A400453DB9 /* MoviesTask */,
				22961CB22E2EC2A700453DB9 /* MoviesTaskTests */,
				22961CBC2E2EC2A700453DB9 /* MoviesTaskUITests */,
				22961C972E2EC2A400453DB9 /* Products */,
			);
			sourceTree = "<group>";
		};
		22961C972E2EC2A400453DB9 /* Products */ = {
			isa = PBXGroup;
			children = (
				22961C962E2EC2A400453DB9 /* MoviesTask.app */,
				22961CAF2E2EC2A700453DB9 /* MoviesTaskTests.xctest */,
				22961CB92E2EC2A700453DB9 /* MoviesTaskUITests.xctest */,
			);
			name = Products;
			sourceTree = "<group>";
		};
		22961C982E2EC2A400453DB9 /* MoviesTask */ = {
			isa = PBXGroup;
			children = (
				22961CDB2E2EC3C500453DB9 /* Core */,
				22961CCE2E2EC35700453DB9 /* Features */,
				22961CCD2E2EC34600453DB9 /* Resources */,
				22961CCC2E2EC33800453DB9 /* App */,
				22961C9D2E2EC2A400453DB9 /* ViewController.swift */,
				22961C9F2E2EC2A400453DB9 /* Main.storyboard */,
				22961CAA2E2EC2A600453DB9 /* Info.plist */,
				22961CA22E2EC2A400453DB9 /* MoviesTask.xcdatamodeld */,
			);
			path = MoviesTask;
			sourceTree = "<group>";
		};
		22961CB22E2EC2A700453DB9 /* MoviesTaskTests */ = {
			isa = PBXGroup;
			children = (
				22961D2D2E30346100453DB9 /* Network */,
				22961CB32E2EC2A700453DB9 /* MoviesTaskTests.swift */,
			);
			path = MoviesTaskTests;
			sourceTree = "<group>";
		};
		22961CBC2E2EC2A700453DB9 /* MoviesTaskUITests */ = {
			isa = PBXGroup;
			children = (
				22961CBD2E2EC2A700453DB9 /* MoviesTaskUITests.swift */,
				22961CBF2E2EC2A700453DB9 /* MoviesTaskUITestsLaunchTests.swift */,
			);
			path = MoviesTaskUITests;
			sourceTree = "<group>";
		};
		22961CCC2E2EC33800453DB9 /* App */ = {
			isa = PBXGroup;
			children = (
				22961C992E2EC2A400453DB9 /* AppDelegate.swift */,
				22961C9B2E2EC2A400453DB9 /* SceneDelegate.swift */,
			);
			path = App;
			sourceTree = "<group>";
		};
		22961CCD2E2EC34600453DB9 /* Resources */ = {
			isa = PBXGroup;
			children = (
				22961CA72E2EC2A600453DB9 /* LaunchScreen.storyboard */,
				22961CA52E2EC2A600453DB9 /* Assets.xcassets */,
				22961D292E301AB800453DB9 /* logo.json */,
				22961D2B2E30294600453DB9 /* empty.json */,
			);
			path = Resources;
			sourceTree = "<group>";
		};
		22961CCE2E2EC35700453DB9 /* Features */ = {
			isa = PBXGroup;
			children = (
				22961CED2E2EC4AD00453DB9 /* Splash */,
				22961CD72E2EC39F00453DB9 /* Favorites */,
				22961CD32E2EC37C00453DB9 /* MoviesDetails */,
				22961CCF2E2EC36000453DB9 /* MoviesList */,
			);
			path = Features;
			sourceTree = "<group>";
		};
		22961CCF2E2EC36000453DB9 /* MoviesList */ = {
			isa = PBXGroup;
			children = (
				22961CD22E2EC37400453DB9 /* ViewModel */,
				22961CD12E2EC36F00453DB9 /* Models */,
				22961CD02E2EC36800453DB9 /* Views */,
			);
			path = MoviesList;
			sourceTree = "<group>";
		};
		22961CD02E2EC36800453DB9 /* Views */ = {
			isa = PBXGroup;
			children = (
				22961CF22E2EC52000453DB9 /* HomeMovieListViewController.swift */,
				22961CF32E2EC52000453DB9 /* HomeMovieListViewController.xib */,
				22961CF62E2EC91D00453DB9 /* MovieSliderCell.swift */,
				22961CF72E2EC91D00453DB9 /* MovieSliderCell.xib */,
				22961CFA2E2EC93D00453DB9 /* PopularMovieCell.swift */,
				22961CFB2E2EC93D00453DB9 /* PopularMovieCell.xib */,
			);
			path = Views;
			sourceTree = "<group>";
		};
		22961CD12E2EC36F00453DB9 /* Models */ = {
			isa = PBXGroup;
			children = (
				22961CFE2E2EC95500453DB9 /* Movie.swift */,
				22961D1E2E2FD08F00453DB9 /* PopularMovieCellDelegate.swift */,
			);
			path = Models;
			sourceTree = "<group>";
		};
		22961CD22E2EC37400453DB9 /* ViewModel */ = {
			isa = PBXGroup;
			children = (
				22961D052E2EDFC600453DB9 /* MoviesViewModel.swift */,
			);
			path = ViewModel;
			sourceTree = "<group>";
		};
		22961CD32E2EC37C00453DB9 /* MoviesDetails */ = {
			isa = PBXGroup;
			children = (
				22961CD62E2EC39800453DB9 /* Views */,
				22961CD52E2EC39200453DB9 /* Models */,
				22961CD42E2EC38B00453DB9 /* ViewModel */,
			);
			path = MoviesDetails;
			sourceTree = "<group>";
		};
		22961CD42E2EC38B00453DB9 /* ViewModel */ = {
			isa = PBXGroup;
			children = (
			);
			path = ViewModel;
			sourceTree = "<group>";
		};
		22961CD52E2EC39200453DB9 /* Models */ = {
			isa = PBXGroup;
			children = (
			);
			path = Models;
			sourceTree = "<group>";
		};
		22961CD62E2EC39800453DB9 /* Views */ = {
			isa = PBXGroup;
			children = (
				22961D0C2E2EF0A800453DB9 /* MovieDetailsViewController.swift */,
				22961D0D2E2EF0A800453DB9 /* MovieDetailsViewController.xib */,
			);
			path = Views;
			sourceTree = "<group>";
		};
		22961CD72E2EC39F00453DB9 /* Favorites */ = {
			isa = PBXGroup;
			children = (
				22961CDA2E2EC3B100453DB9 /* ViewModels */,
				22961CD92E2EC3AC00453DB9 /* Models */,
				22961CD82E2EC3A600453DB9 /* Views */,
			);
			path = Favorites;
			sourceTree = "<group>";
		};
		22961CD82E2EC3A600453DB9 /* Views */ = {
			isa = PBXGroup;
			children = (
				22961D102E2F0A4F00453DB9 /* FavoriteMovieCellCollectionViewCell.swift */,
				22961D112E2F0A4F00453DB9 /* FavoriteMovieCellCollectionViewCell.xib */,
				22961D182E2FAF8800453DB9 /* FavoriteViewController.swift */,
				22961D192E2FAF8800453DB9 /* FavoriteViewController.xib */,
			);
			path = Views;
			sourceTree = "<group>";
		};
		22961CD92E2EC3AC00453DB9 /* Models */ = {
			isa = PBXGroup;
			children = (
				22961D1C2E2FC88600453DB9 /* FavoriteMovieCellDelegate.swift */,
			);
			path = Models;
			sourceTree = "<group>";
		};
		22961CDA2E2EC3B100453DB9 /* ViewModels */ = {
			isa = PBXGroup;
			children = (
				22961D162E2FAE1000453DB9 /* FavoriteViewModel.swift */,
			);
			path = ViewModels;
			sourceTree = "<group>";
		};
		22961CDB2E2EC3C500453DB9 /* Core */ = {
			isa = PBXGroup;
			children = (
				22961CE62E2EC46800453DB9 /* Utiles */,
				22961CE32E2EC42D00453DB9 /* Cache */,
				22961CDC2E2EC3CB00453DB9 /* Network */,
			);
			path = Core;
			sourceTree = "<group>";
		};
		22961CDC2E2EC3CB00453DB9 /* Network */ = {
			isa = PBXGroup;
			children = (
				22961CDD2E2EC3E500453DB9 /* APIServices.swift */,
				22961CDF2E2EC3F900453DB9 /* Endpoints.swift */,
				22961CE12E2EC40600453DB9 /* NetworkManager.swift */,
				22961D2E2E30348900453DB9 /* MockNetworkManager.swift */,
			);
			path = Network;
			sourceTree = "<group>";
		};
		22961CE32E2EC42D00453DB9 /* Cache */ = {
			isa = PBXGroup;
			children = (
				22961D142E2FABBA00453DB9 /* FavoriteManager.swift */,
				22961D202E2FDA2B00453DB9 /* MovieStorageManager.swift */,
			);
			path = Cache;
			sourceTree = "<group>";
		};
		22961CE62E2EC46800453DB9 /* Utiles */ = {
			isa = PBXGroup;
			children = (
				22961CE72E2EC47E00453DB9 /* Constants.swift */,
				22961CE92E2EC48900453DB9 /* AppError.swift */,
				22961D312E30BD7500453DB9 /* DISwinjectContainer.swift */,
			);
			path = Utiles;
			sourceTree = "<group>";
		};
		22961CED2E2EC4AD00453DB9 /* Splash */ = {
			isa = PBXGroup;
			children = (
				22961CEE2E2EC4C500453DB9 /* SplashViewController.swift */,
				22961CEF2E2EC4C500453DB9 /* SplashViewController.xib */,
			);
			path = Splash;
			sourceTree = "<group>";
		};
		22961D2D2E30346100453DB9 /* Network */ = {
			isa = PBXGroup;
			children = (
			);
			path = Network;
			sourceTree = "<group>";
		};
/* End PBXGroup section */

/* Begin PBXNativeTarget section */
		22961C952E2EC2A400453DB9 /* MoviesTask */ = {
			isa = PBXNativeTarget;
			buildConfigurationList = 22961CC32E2EC2A700453DB9 /* Build configuration list for PBXNativeTarget "MoviesTask" */;
			buildPhases = (
				22961C922E2EC2A400453DB9 /* Sources */,
				22961C932E2EC2A400453DB9 /* Frameworks */,
				22961C942E2EC2A400453DB9 /* Resources */,
			);
			buildRules = (
			);
			dependencies = (
			);
			name = MoviesTask;
			packageProductDependencies = (
				22961D012E2EDCF800453DB9 /* Alamofire */,
				22961D032E2EDCF800453DB9 /* AlamofireDynamic */,
				22961D082E2EE1F100453DB9 /* SDWebImage */,
				22961D0A2E2EE1F100453DB9 /* SDWebImageMapKit */,
				22961D252E30184600453DB9 /* Lottie */,
				22961D272E30184600453DB9 /* Lottie-Dynamic */,
				22961D342E30BD9D00453DB9 /* Swinject */,
				22961D362E30BD9D00453DB9 /* Swinject-Dynamic */,
			);
			productName = MoviesTask;
			productReference = 22961C962E2EC2A400453DB9 /* MoviesTask.app */;
			productType = "com.apple.product-type.application";
		};
		22961CAE2E2EC2A700453DB9 /* MoviesTaskTests */ = {
			isa = PBXNativeTarget;
			buildConfigurationList = 22961CC62E2EC2A700453DB9 /* Build configuration list for PBXNativeTarget "MoviesTaskTests" */;
			buildPhases = (
				22961CAB2E2EC2A700453DB9 /* Sources */,
				22961CAC2E2EC2A700453DB9 /* Frameworks */,
				22961CAD2E2EC2A700453DB9 /* Resources */,
			);
			buildRules = (
			);
			dependencies = (
				22961CB12E2EC2A700453DB9 /* PBXTargetDependency */,
			);
			name = MoviesTaskTests;
			productName = MoviesTaskTests;
			productReference = 22961CAF2E2EC2A700453DB9 /* MoviesTaskTests.xctest */;
			productType = "com.apple.product-type.bundle.unit-test";
		};
		22961CB82E2EC2A700453DB9 /* MoviesTaskUITests */ = {
			isa = PBXNativeTarget;
			buildConfigurationList = 22961CC92E2EC2A700453DB9 /* Build configuration list for PBXNativeTarget "MoviesTaskUITests" */;
			buildPhases = (
				22961CB52E2EC2A700453DB9 /* Sources */,
				22961CB62E2EC2A700453DB9 /* Frameworks */,
				22961CB72E2EC2A700453DB9 /* Resources */,
			);
			buildRules = (
			);
			dependencies = (
				22961CBB2E2EC2A700453DB9 /* PBXTargetDependency */,
			);
			name = MoviesTaskUITests;
			productName = MoviesTaskUITests;
			productReference = 22961CB92E2EC2A700453DB9 /* MoviesTaskUITests.xctest */;
			productType = "com.apple.product-type.bundle.ui-testing";
		};
/* End PBXNativeTarget section */

/* Begin PBXProject section */
		22961C8E2E2EC2A400453DB9 /* Project object */ = {
			isa = PBXProject;
			attributes = {
				BuildIndependentTargetsInParallel = 1;
				LastSwiftUpdateCheck = 1500;
				LastUpgradeCheck = 1500;
				TargetAttributes = {
					22961C952E2EC2A400453DB9 = {
						CreatedOnToolsVersion = 15.0;
					};
					22961CAE2E2EC2A700453DB9 = {
						CreatedOnToolsVersion = 15.0;
						TestTargetID = 22961C952E2EC2A400453DB9;
					};
					22961CB82E2EC2A700453DB9 = {
						CreatedOnToolsVersion = 15.0;
						TestTargetID = 22961C952E2EC2A400453DB9;
					};
				};
			};
			buildConfigurationList = 22961C912E2EC2A400453DB9 /* Build configuration list for PBXProject "MoviesTask" */;
			compatibilityVersion = "Xcode 14.0";
			developmentRegion = en;
			hasScannedForEncodings = 0;
			knownRegions = (
				en,
				Base,
			);
			mainGroup = 22961C8D2E2EC2A400453DB9;
			packageReferences = (
				22961D002E2EDCF800453DB9 /* XCRemoteSwiftPackageReference "Alamofire" */,
				22961D072E2EE1F100453DB9 /* XCRemoteSwiftPackageReference "SDWebImage" */,
				22961D242E30184600453DB9 /* XCRemoteSwiftPackageReference "lottie-ios" */,
				22961D332E30BD9D00453DB9 /* XCRemoteSwiftPackageReference "Swinject" */,
			);
			productRefGroup = 22961C972E2EC2A400453DB9 /* Products */;
			projectDirPath = "";
			projectRoot = "";
			targets = (
				22961C952E2EC2A400453DB9 /* MoviesTask */,
				22961CAE2E2EC2A700453DB9 /* MoviesTaskTests */,
				22961CB82E2EC2A700453DB9 /* MoviesTaskUITests */,
			);
		};
/* End PBXProject section */

/* Begin PBXResourcesBuildPhase section */
		22961C942E2EC2A400453DB9 /* Resources */ = {
			isa = PBXResourcesBuildPhase;
			buildActionMask = 2147483647;
			files = (
				22961CA92E2EC2A600453DB9 /* LaunchScreen.storyboard in Resources */,
				22961D2C2E30294600453DB9 /* empty.json in Resources */,
				22961CFD2E2EC93D00453DB9 /* PopularMovieCell.xib in Resources */,
				22961CF92E2EC91D00453DB9 /* MovieSliderCell.xib in Resources */,
				22961D2A2E301AB800453DB9 /* logo.json in Resources */,
				22961CA62E2EC2A600453DB9 /* Assets.xcassets in Resources */,
				22961D0F2E2EF0A800453DB9 /* MovieDetailsViewController.xib in Resources */,
				22961CA12E2EC2A400453DB9 /* Main.storyboard in Resources */,
				22961D132E2F0A4F00453DB9 /* FavoriteMovieCellCollectionViewCell.xib in Resources */,
				22961CF12E2EC4C500453DB9 /* SplashViewController.xib in Resources */,
				22961D1B2E2FAF8800453DB9 /* FavoriteViewController.xib in Resources */,
				22961CF52E2EC52000453DB9 /* HomeMovieListViewController.xib in Resources */,
			);
			runOnlyForDeploymentPostprocessing = 0;
		};
		22961CAD2E2EC2A700453DB9 /* Resources */ = {
			isa = PBXResourcesBuildPhase;
			buildActionMask = 2147483647;
			files = (
			);
			runOnlyForDeploymentPostprocessing = 0;
		};
		22961CB72E2EC2A700453DB9 /* Resources */ = {
			isa = PBXResourcesBuildPhase;
			buildActionMask = 2147483647;
			files = (
			);
			runOnlyForDeploymentPostprocessing = 0;
		};
/* End PBXResourcesBuildPhase section */

/* Begin PBXSourcesBuildPhase section */
		22961C922E2EC2A400453DB9 /* Sources */ = {
			isa = PBXSourcesBuildPhase;
			buildActionMask = 2147483647;
			files = (
				22961D122E2F0A4F00453DB9 /* FavoriteMovieCellCollectionViewCell.swift in Sources */,
				22961C9E2E2EC2A400453DB9 /* ViewController.swift in Sources */,
				22961D0E2E2EF0A800453DB9 /* MovieDetailsViewController.swift in Sources */,
				22961D062E2EDFC600453DB9 /* MoviesViewModel.swift in Sources */,
				22961CA42E2EC2A400453DB9 /* MoviesTask.xcdatamodeld in Sources */,
				22961CF02E2EC4C500453DB9 /* SplashViewController.swift in Sources */,
				22961D212E2FDA2B00453DB9 /* MovieStorageManager.swift in Sources */,
				22961CEA2E2EC48900453DB9 /* AppError.swift in Sources */,
				22961C9A2E2EC2A400453DB9 /* AppDelegate.swift in Sources */,
				22961CFF2E2EC95500453DB9 /* Movie.swift in Sources */,
				22961C9C2E2EC2A400453DB9 /* SceneDelegate.swift in Sources */,
				22961D1A2E2FAF8800453DB9 /* FavoriteViewController.swift in Sources */,
				22961CE02E2EC3F900453DB9 /* Endpoints.swift in Sources */,
				22961CE22E2EC40600453DB9 /* NetworkManager.swift in Sources */,
				22961CDE2E2EC3E500453DB9 /* APIServices.swift in Sources */,
				22961D1D2E2FC88600453DB9 /* FavoriteMovieCellDelegate.swift in Sources */,
				22961D152E2FABBA00453DB9 /* FavoriteManager.swift in Sources */,
				22961CF82E2EC91D00453DB9 /* MovieSliderCell.swift in Sources */,
				22961D302E30353900453DB9 /* MockNetworkManager.swift in Sources */,
				22961D322E30BD7500453DB9 /* DISwinjectContainer.swift in Sources */,
				22961D1F2E2FD08F00453DB9 /* PopularMovieCellDelegate.swift in Sources */,
				22961CFC2E2EC93D00453DB9 /* PopularMovieCell.swift in Sources */,
				22961CF42E2EC52000453DB9 /* HomeMovieListViewController.swift in Sources */,
				22961D172E2FAE1000453DB9 /* FavoriteViewModel.swift in Sources */,
				22961CE82E2EC47E00453DB9 /* Constants.swift in Sources */,
			);
			runOnlyForDeploymentPostprocessing = 0;
		};
		22961CAB2E2EC2A700453DB9 /* Sources */ = {
			isa = PBXSourcesBuildPhase;
			buildActionMask = 2147483647;
			files = (
				22961CB42E2EC2A700453DB9 /* MoviesTaskTests.swift in Sources */,
			);
			runOnlyForDeploymentPostprocessing = 0;
		};
		22961CB52E2EC2A700453DB9 /* Sources */ = {
			isa = PBXSourcesBuildPhase;
			buildActionMask = 2147483647;
			files = (
				22961CC02E2EC2A700453DB9 /* MoviesTaskUITestsLaunchTests.swift in Sources */,
				22961CBE2E2EC2A700453DB9 /* MoviesTaskUITests.swift in Sources */,
			);
			runOnlyForDeploymentPostprocessing = 0;
		};
/* End PBXSourcesBuildPhase section */

/* Begin PBXTargetDependency section */
		22961CB12E2EC2A700453DB9 /* PBXTargetDependency */ = {
			isa = PBXTargetDependency;
			target = 22961C952E2EC2A400453DB9 /* MoviesTask */;
			targetProxy = 22961CB02E2EC2A700453DB9 /* PBXContainerItemProxy */;
		};
		22961CBB2E2EC2A700453DB9 /* PBXTargetDependency */ = {
			isa = PBXTargetDependency;
			target = 22961C952E2EC2A400453DB9 /* MoviesTask */;
			targetProxy = 22961CBA2E2EC2A700453DB9 /* PBXContainerItemProxy */;
		};
/* End PBXTargetDependency section */

/* Begin PBXVariantGroup section */
		22961C9F2E2EC2A400453DB9 /* Main.storyboard */ = {
			isa = PBXVariantGroup;
			children = (
				22961CA02E2EC2A400453DB9 /* Base */,
			);
			name = Main.storyboard;
			sourceTree = "<group>";
		};
		22961CA72E2EC2A600453DB9 /* LaunchScreen.storyboard */ = {
			isa = PBXVariantGroup;
			children = (
				22961CA82E2EC2A600453DB9 /* Base */,
			);
			name = LaunchScreen.storyboard;
			sourceTree = "<group>";
		};
/* End PBXVariantGroup section */

/* Begin XCBuildConfiguration section */
		22961CC12E2EC2A700453DB9 /* Debug */ = {
			isa = XCBuildConfiguration;
			buildSettings = {
				ALWAYS_SEARCH_USER_PATHS = NO;
				ASSETCATALOG_COMPILER_GENERATE_SWIFT_ASSET_SYMBOL_EXTENSIONS = YES;
				CLANG_ANALYZER_NONNULL = YES;
				CLANG_ANALYZER_NUMBER_OBJECT_CONVERSION = YES_AGGRESSIVE;
				CLANG_CXX_LANGUAGE_STANDARD = "gnu++20";
				CLANG_ENABLE_MODULES = YES;
				CLANG_ENABLE_OBJC_ARC = YES;
				CLANG_ENABLE_OBJC_WEAK = YES;
				CLANG_WARN_BLOCK_CAPTURE_AUTORELEASING = YES;
				CLANG_WARN_BOOL_CONVERSION = YES;
				CLANG_WARN_COMMA = YES;
				CLANG_WARN_CONSTANT_CONVERSION = YES;
				CLANG_WARN_DEPRECATED_OBJC_IMPLEMENTATIONS = YES;
				CLANG_WARN_DIRECT_OBJC_ISA_USAGE = YES_ERROR;
				CLANG_WARN_DOCUMENTATION_COMMENTS = YES;
				CLANG_WARN_EMPTY_BODY = YES;
				CLANG_WARN_ENUM_CONVERSION = YES;
				CLANG_WARN_INFINITE_RECURSION = YES;
				CLANG_WARN_INT_CONVERSION = YES;
				CLANG_WARN_NON_LITERAL_NULL_CONVERSION = YES;
				CLANG_WARN_OBJC_IMPLICIT_RETAIN_SELF = YES;
				CLANG_WARN_OBJC_LITERAL_CONVERSION = YES;
				CLANG_WARN_OBJC_ROOT_CLASS = YES_ERROR;
				CLANG_WARN_QUOTED_INCLUDE_IN_FRAMEWORK_HEADER = YES;
				CLANG_WARN_RANGE_LOOP_ANALYSIS = YES;
				CLANG_WARN_STRICT_PROTOTYPES = YES;
				CLANG_WARN_SUSPICIOUS_MOVE = YES;
				CLANG_WARN_UNGUARDED_AVAILABILITY = YES_AGGRESSIVE;
				CLANG_WARN_UNREACHABLE_CODE = YES;
				CLANG_WARN__DUPLICATE_METHOD_MATCH = YES;
				COPY_PHASE_STRIP = NO;
				DEBUG_INFORMATION_FORMAT = dwarf;
				ENABLE_STRICT_OBJC_MSGSEND = YES;
				ENABLE_TESTABILITY = YES;
				ENABLE_USER_SCRIPT_SANDBOXING = YES;
				GCC_C_LANGUAGE_STANDARD = gnu17;
				GCC_DYNAMIC_NO_PIC = NO;
				GCC_NO_COMMON_BLOCKS = YES;
				GCC_OPTIMIZATION_LEVEL = 0;
				GCC_PREPROCESSOR_DEFINITIONS = (
					"DEBUG=1",
					"$(inherited)",
				);
				GCC_WARN_64_TO_32_BIT_CONVERSION = YES;
				GCC_WARN_ABOUT_RETURN_TYPE = YES_ERROR;
				GCC_WARN_UNDECLARED_SELECTOR = YES;
				GCC_WARN_UNINITIALIZED_AUTOS = YES_AGGRESSIVE;
				GCC_WARN_UNUSED_FUNCTION = YES;
				GCC_WARN_UNUSED_VARIABLE = YES;
				IPHONEOS_DEPLOYMENT_TARGET = 17.0;
				LOCALIZATION_PREFERS_STRING_CATALOGS = YES;
				MTL_ENABLE_DEBUG_INFO = INCLUDE_SOURCE;
				MTL_FAST_MATH = YES;
				ONLY_ACTIVE_ARCH = YES;
				SDKROOT = iphoneos;
				SWIFT_ACTIVE_COMPILATION_CONDITIONS = "DEBUG $(inherited)";
				SWIFT_OPTIMIZATION_LEVEL = "-Onone";
			};
			name = Debug;
		};
		22961CC22E2EC2A700453DB9 /* Release */ = {
			isa = XCBuildConfiguration;
			buildSettings = {
				ALWAYS_SEARCH_USER_PATHS = NO;
				ASSETCATALOG_COMPILER_GENERATE_SWIFT_ASSET_SYMBOL_EXTENSIONS = YES;
				CLANG_ANALYZER_NONNULL = YES;
				CLANG_ANALYZER_NUMBER_OBJECT_CONVERSION = YES_AGGRESSIVE;
				CLANG_CXX_LANGUAGE_STANDARD = "gnu++20";
				CLANG_ENABLE_MODULES = YES;
				CLANG_ENABLE_OBJC_ARC = YES;
				CLANG_ENABLE_OBJC_WEAK = YES;
				CLANG_WARN_BLOCK_CAPTURE_AUTORELEASING = YES;
				CLANG_WARN_BOOL_CONVERSION = YES;
				CLANG_WARN_COMMA = YES;
				CLANG_WARN_CONSTANT_CONVERSION = YES;
				CLANG_WARN_DEPRECATED_OBJC_IMPLEMENTATIONS = YES;
				CLANG_WARN_DIRECT_OBJC_ISA_USAGE = YES_ERROR;
				CLANG_WARN_DOCUMENTATION_COMMENTS = YES;
				CLANG_WARN_EMPTY_BODY = YES;
				CLANG_WARN_ENUM_CONVERSION = YES;
				CLANG_WARN_INFINITE_RECURSION = YES;
				CLANG_WARN_INT_CONVERSION = YES;
				CLANG_WARN_NON_LITERAL_NULL_CONVERSION = YES;
				CLANG_WARN_OBJC_IMPLICIT_RETAIN_SELF = YES;
				CLANG_WARN_OBJC_LITERAL_CONVERSION = YES;
				CLANG_WARN_OBJC_ROOT_CLASS = YES_ERROR;
				CLANG_WARN_QUOTED_INCLUDE_IN_FRAMEWORK_HEADER = YES;
				CLANG_WARN_RANGE_LOOP_ANALYSIS = YES;
				CLANG_WARN_STRICT_PROTOTYPES = YES;
				CLANG_WARN_SUSPICIOUS_MOVE = YES;
				CLANG_WARN_UNGUARDED_AVAILABILITY = YES_AGGRESSIVE;
				CLANG_WARN_UNREACHABLE_CODE = YES;
				CLANG_WARN__DUPLICATE_METHOD_MATCH = YES;
				COPY_PHASE_STRIP = NO;
				DEBUG_INFORMATION_FORMAT = "dwarf-with-dsym";
				ENABLE_NS_ASSERTIONS = NO;
				ENABLE_STRICT_OBJC_MSGSEND = YES;
				ENABLE_USER_SCRIPT_SANDBOXING = YES;
				GCC_C_LANGUAGE_STANDARD = gnu17;
				GCC_NO_COMMON_BLOCKS = YES;
				GCC_WARN_64_TO_32_BIT_CONVERSION = YES;
				GCC_WARN_ABOUT_RETURN_TYPE = YES_ERROR;
				GCC_WARN_UNDECLARED_SELECTOR = YES;
				GCC_WARN_UNINITIALIZED_AUTOS = YES_AGGRESSIVE;
				GCC_WARN_UNUSED_FUNCTION = YES;
				GCC_WARN_UNUSED_VARIABLE = YES;
				IPHONEOS_DEPLOYMENT_TARGET = 17.0;
				LOCALIZATION_PREFERS_STRING_CATALOGS = YES;
				MTL_ENABLE_DEBUG_INFO = NO;
				MTL_FAST_MATH = YES;
				SDKROOT = iphoneos;
				SWIFT_COMPILATION_MODE = wholemodule;
				VALIDATE_PRODUCT = YES;
			};
			name = Release;
		};
		22961CC42E2EC2A700453DB9 /* Debug */ = {
			isa = XCBuildConfiguration;
			buildSettings = {
				ASSETCATALOG_COMPILER_APPICON_NAME = AppIcon;
				ASSETCATALOG_COMPILER_GLOBAL_ACCENT_COLOR_NAME = AccentColor;
				CODE_SIGN_STYLE = Automatic;
				CURRENT_PROJECT_VERSION = 1;
				GENERATE_INFOPLIST_FILE = YES;
				INFOPLIST_FILE = MoviesTask/Info.plist;
				INFOPLIST_KEY_UIApplicationSupportsIndirectInputEvents = YES;
				INFOPLIST_KEY_UILaunchStoryboardName = LaunchScreen;
				INFOPLIST_KEY_UIMainStoryboardFile = Main;
				INFOPLIST_KEY_UISupportedInterfaceOrientations_iPad = "UIInterfaceOrientationPortrait UIInterfaceOrientationPortraitUpsideDown UIInterfaceOrientationLandscapeLeft UIInterfaceOrientationLandscapeRight";
				INFOPLIST_KEY_UISupportedInterfaceOrientations_iPhone = "UIInterfaceOrientationPortrait UIInterfaceOrientationLandscapeLeft UIInterfaceOrientationLandscapeRight";
				LD_RUNPATH_SEARCH_PATHS = (
					"$(inherited)",
					"@executable_path/Frameworks",
				);
				MARKETING_VERSION = 1.0;
				PRODUCT_BUNDLE_IDENTIFIER = iti.MoviesTask;
				PRODUCT_NAME = "$(TARGET_NAME)";
				SWIFT_EMIT_LOC_STRINGS = YES;
				SWIFT_VERSION = 5.0;
				TARGETED_DEVICE_FAMILY = "1,2";
			};
			name = Debug;
		};
		22961CC52E2EC2A700453DB9 /* Release */ = {
			isa = XCBuildConfiguration;
			buildSettings = {
				ASSETCATALOG_COMPILER_APPICON_NAME = AppIcon;
				ASSETCATALOG_COMPILER_GLOBAL_ACCENT_COLOR_NAME = AccentColor;
				CODE_SIGN_STYLE = Automatic;
				CURRENT_PROJECT_VERSION = 1;
				GENERATE_INFOPLIST_FILE = YES;
				INFOPLIST_FILE = MoviesTask/Info.plist;
				INFOPLIST_KEY_UIApplicationSupportsIndirectInputEvents = YES;
				INFOPLIST_KEY_UILaunchStoryboardName = LaunchScreen;
				INFOPLIST_KEY_UIMainStoryboardFile = Main;
				INFOPLIST_KEY_UISupportedInterfaceOrientations_iPad = "UIInterfaceOrientationPortrait UIInterfaceOrientationPortraitUpsideDown UIInterfaceOrientationLandscapeLeft UIInterfaceOrientationLandscapeRight";
				INFOPLIST_KEY_UISupportedInterfaceOrientations_iPhone = "UIInterfaceOrientationPortrait UIInterfaceOrientationLandscapeLeft UIInterfaceOrientationLandscapeRight";
				LD_RUNPATH_SEARCH_PATHS = (
					"$(inherited)",
					"@executable_path/Frameworks",
				);
				MARKETING_VERSION = 1.0;
				PRODUCT_BUNDLE_IDENTIFIER = iti.MoviesTask;
				PRODUCT_NAME = "$(TARGET_NAME)";
				SWIFT_EMIT_LOC_STRINGS = YES;
				SWIFT_VERSION = 5.0;
				TARGETED_DEVICE_FAMILY = "1,2";
			};
			name = Release;
		};
		22961CC72E2EC2A700453DB9 /* Debug */ = {
			isa = XCBuildConfiguration;
			buildSettings = {
				ALWAYS_EMBED_SWIFT_STANDARD_LIBRARIES = YES;
				BUNDLE_LOADER = "$(TEST_HOST)";
				CODE_SIGN_STYLE = Automatic;
				CURRENT_PROJECT_VERSION = 1;
				GENERATE_INFOPLIST_FILE = YES;
				IPHONEOS_DEPLOYMENT_TARGET = 17.0;
				MARKETING_VERSION = 1.0;
				PRODUCT_BUNDLE_IDENTIFIER = iti.MoviesTaskTests;
				PRODUCT_NAME = "$(TARGET_NAME)";
				SWIFT_EMIT_LOC_STRINGS = NO;
				SWIFT_VERSION = 5.0;
				TARGETED_DEVICE_FAMILY = "1,2";
				TEST_HOST = "$(BUILT_PRODUCTS_DIR)/MoviesTask.app/$(BUNDLE_EXECUTABLE_FOLDER_PATH)/MoviesTask";
			};
			name = Debug;
		};
		22961CC82E2EC2A700453DB9 /* Release */ = {
			isa = XCBuildConfiguration;
			buildSettings = {
				ALWAYS_EMBED_SWIFT_STANDARD_LIBRARIES = YES;
				BUNDLE_LOADER = "$(TEST_HOST)";
				CODE_SIGN_STYLE = Automatic;
				CURRENT_PROJECT_VERSION = 1;
				GENERATE_INFOPLIST_FILE = YES;
				IPHONEOS_DEPLOYMENT_TARGET = 17.0;
				MARKETING_VERSION = 1.0;
				PRODUCT_BUNDLE_IDENTIFIER = iti.MoviesTaskTests;
				PRODUCT_NAME = "$(TARGET_NAME)";
				SWIFT_EMIT_LOC_STRINGS = NO;
				SWIFT_VERSION = 5.0;
				TARGETED_DEVICE_FAMILY = "1,2";
				TEST_HOST = "$(BUILT_PRODUCTS_DIR)/MoviesTask.app/$(BUNDLE_EXECUTABLE_FOLDER_PATH)/MoviesTask";
			};
			name = Release;
		};
		22961CCA2E2EC2A700453DB9 /* Debug */ = {
			isa = XCBuildConfiguration;
			buildSettings = {
				ALWAYS_EMBED_SWIFT_STANDARD_LIBRARIES = YES;
				CODE_SIGN_STYLE = Automatic;
				CURRENT_PROJECT_VERSION = 1;
				GENERATE_INFOPLIST_FILE = YES;
				MARKETING_VERSION = 1.0;
				PRODUCT_BUNDLE_IDENTIFIER = iti.MoviesTaskUITests;
				PRODUCT_NAME = "$(TARGET_NAME)";
				SWIFT_EMIT_LOC_STRINGS = NO;
				SWIFT_VERSION = 5.0;
				TARGETED_DEVICE_FAMILY = "1,2";
				TEST_TARGET_NAME = MoviesTask;
			};
			name = Debug;
		};
		22961CCB2E2EC2A700453DB9 /* Release */ = {
			isa = XCBuildConfiguration;
			buildSettings = {
				ALWAYS_EMBED_SWIFT_STANDARD_LIBRARIES = YES;
				CODE_SIGN_STYLE = Automatic;
				CURRENT_PROJECT_VERSION = 1;
				GENERATE_INFOPLIST_FILE = YES;
				MARKETING_VERSION = 1.0;
				PRODUCT_BUNDLE_IDENTIFIER = iti.MoviesTaskUITests;
				PRODUCT_NAME = "$(TARGET_NAME)";
				SWIFT_EMIT_LOC_STRINGS = NO;
				SWIFT_VERSION = 5.0;
				TARGETED_DEVICE_FAMILY = "1,2";
				TEST_TARGET_NAME = MoviesTask;
			};
			name = Release;
		};
/* End XCBuildConfiguration section */

/* Begin XCConfigurationList section */
		22961C912E2EC2A400453DB9 /* Build configuration list for PBXProject "MoviesTask" */ = {
			isa = XCConfigurationList;
			buildConfigurations = (
				22961CC12E2EC2A700453DB9 /* Debug */,
				22961CC22E2EC2A700453DB9 /* Release */,
			);
			defaultConfigurationIsVisible = 0;
			defaultConfigurationName = Release;
		};
		22961CC32E2EC2A700453DB9 /* Build configuration list for PBXNativeTarget "MoviesTask" */ = {
			isa = XCConfigurationList;
			buildConfigurations = (
				22961CC42E2EC2A700453DB9 /* Debug */,
				22961CC52E2EC2A700453DB9 /* Release */,
			);
			defaultConfigurationIsVisible = 0;
			defaultConfigurationName = Release;
		};
		22961CC62E2EC2A700453DB9 /* Build configuration list for PBXNativeTarget "MoviesTaskTests" */ = {
			isa = XCConfigurationList;
			buildConfigurations = (
				22961CC72E2EC2A700453DB9 /* Debug */,
				22961CC82E2EC2A700453DB9 /* Release */,
			);
			defaultConfigurationIsVisible = 0;
			defaultConfigurationName = Release;
		};
		22961CC92E2EC2A700453DB9 /* Build configuration list for PBXNativeTarget "MoviesTaskUITests" */ = {
			isa = XCConfigurationList;
			buildConfigurations = (
				22961CCA2E2EC2A700453DB9 /* Debug */,
				22961CCB2E2EC2A700453DB9 /* Release */,
			);
			defaultConfigurationIsVisible = 0;
			defaultConfigurationName = Release;
		};
/* End XCConfigurationList section */

/* Begin XCRemoteSwiftPackageReference section */
		22961D002E2EDCF800453DB9 /* XCRemoteSwiftPackageReference "Alamofire" */ = {
			isa = XCRemoteSwiftPackageReference;
			repositoryURL = "https://github.com/Alamofire/Alamofire.git";
			requirement = {
				kind = upToNextMajorVersion;
				minimumVersion = 5.10.2;
			};
		};
		22961D072E2EE1F100453DB9 /* XCRemoteSwiftPackageReference "SDWebImage" */ = {
			isa = XCRemoteSwiftPackageReference;
			repositoryURL = "https://github.com/SDWebImage/SDWebImage.git";
			requirement = {
				kind = upToNextMajorVersion;
				minimumVersion = 5.21.1;
			};
		};
		22961D242E30184600453DB9 /* XCRemoteSwiftPackageReference "lottie-ios" */ = {
			isa = XCRemoteSwiftPackageReference;
			repositoryURL = "https://github.com/airbnb/lottie-ios";
			requirement = {
				kind = upToNextMajorVersion;
				minimumVersion = 4.5.2;
			};
		};
		22961D332E30BD9D00453DB9 /* XCRemoteSwiftPackageReference "Swinject" */ = {
			isa = XCRemoteSwiftPackageReference;
			repositoryURL = "https://github.com/Swinject/Swinject.git";
			requirement = {
				kind = upToNextMajorVersion;
				minimumVersion = 2.9.1;
			};
		};
/* End XCRemoteSwiftPackageReference section */

/* Begin XCSwiftPackageProductDependency section */
		22961D012E2EDCF800453DB9 /* Alamofire */ = {
			isa = XCSwiftPackageProductDependency;
			package = 22961D002E2EDCF800453DB9 /* XCRemoteSwiftPackageReference "Alamofire" */;
			productName = Alamofire;
		};
		22961D032E2EDCF800453DB9 /* AlamofireDynamic */ = {
			isa = XCSwiftPackageProductDependency;
			package = 22961D002E2EDCF800453DB9 /* XCRemoteSwiftPackageReference "Alamofire" */;
			productName = AlamofireDynamic;
		};
		22961D082E2EE1F100453DB9 /* SDWebImage */ = {
			isa = XCSwiftPackageProductDependency;
			package = 22961D072E2EE1F100453DB9 /* XCRemoteSwiftPackageReference "SDWebImage" */;
			productName = SDWebImage;
		};
		22961D0A2E2EE1F100453DB9 /* SDWebImageMapKit */ = {
			isa = XCSwiftPackageProductDependency;
			package = 22961D072E2EE1F100453DB9 /* XCRemoteSwiftPackageReference "SDWebImage" */;
			productName = SDWebImageMapKit;
		};
		22961D252E30184600453DB9 /* Lottie */ = {
			isa = XCSwiftPackageProductDependency;
			package = 22961D242E30184600453DB9 /* XCRemoteSwiftPackageReference "lottie-ios" */;
			productName = Lottie;
		};
		22961D272E30184600453DB9 /* Lottie-Dynamic */ = {
			isa = XCSwiftPackageProductDependency;
			package = 22961D242E30184600453DB9 /* XCRemoteSwiftPackageReference "lottie-ios" */;
			productName = "Lottie-Dynamic";
		};
		22961D342E30BD9D00453DB9 /* Swinject */ = {
			isa = XCSwiftPackageProductDependency;
			package = 22961D332E30BD9D00453DB9 /* XCRemoteSwiftPackageReference "Swinject" */;
			productName = Swinject;
		};
		22961D362E30BD9D00453DB9 /* Swinject-Dynamic */ = {
			isa = XCSwiftPackageProductDependency;
			package = 22961D332E30BD9D00453DB9 /* XCRemoteSwiftPackageReference "Swinject" */;
			productName = "Swinject-Dynamic";
		};
/* End XCSwiftPackageProductDependency section */

/* Begin XCVersionGroup section */
		22961CA22E2EC2A400453DB9 /* MoviesTask.xcdatamodeld */ = {
			isa = XCVersionGroup;
			children = (
				22961CA32E2EC2A400453DB9 /* MoviesTask.xcdatamodel */,
			);
			currentVersion = 22961CA32E2EC2A400453DB9 /* MoviesTask.xcdatamodel */;
			path = MoviesTask.xcdatamodeld;
			sourceTree = "<group>";
			versionGroupType = wrapper.xcdatamodel;
		};
/* End XCVersionGroup section */
	};
	rootObject = 22961C8E2E2EC2A400453DB9 /* Project object */;
}
